
Microsoft Visual Studio Solution File, Format Version 11.00
# Visual Studio 2010
Project("{FAE04EC0-301F-11D3-BF4B-00C04F79EFBC}") = "iReach_Android_Jitter", "iReach_Android_Jitter.csproj", "{734BE1D7-6AB0-437D-B015-C82B02F771AF}"
EndProject
Global
	GlobalSection(SolutionConfigurationPlatforms) = preSolution
		Debug|Any CPU = Debug|Any CPU
		Release|Any CPU = Release|Any CPU
	EndGlobalSection
	GlobalSection(ProjectConfigurationPlatforms) = postSolution
		{734BE1D7-6AB0-437D-B015-C82B02F771AF}.Debug|Any CPU.ActiveCfg = Debug|Any CPU
		{734BE1D7-6AB0-437D-B015-C82B02F771AF}.Debug|Any CPU.Build.0 = Debug|Any CPU
		{734BE1D7-6AB0-437D-B015-C82B02F771AF}.Release|Any CPU.ActiveCfg = Release|Any CPU
		{734BE1D7-6AB0-437D-B015-C82B02F771AF}.Release|Any CPU.Build.0 = Release|Any CPU
	EndGlobalSection
EndGlobal
